
Microsoft Visual Studio Solution File, Format Version 12.00
# Visual Studio Version 16
VisualStudioVersion = 16.0.32228.343
MinimumVisualStudioVersion = 10.0.40219.1
Project("{FAE04EC0-301F-11D3-BF4B-00C04F79EFBC}") = "AspNetMVCApi_PL", "AspNetMVCApi_PL\AspNetMVCApi_PL.csproj", "{F49D662A-5C2B-46FB-8BF3-C8A443F63CB7}"
EndProject
Project("{FAE04EC0-301F-11D3-BF4B-00C04F79EFBC}") = "AspNetMVCApi_EL", "AspNetMVCApi_EL\AspNetMVCApi_EL.csproj", "{00A3D3EF-472B-4E0D-B3DA-1F685311E4AF}"
EndProject
Project("{FAE04EC0-301F-11D3-BF4B-00C04F79EFBC}") = "AspNetMVCApi_DAL", "AspNetMVCApi_DAL\AspNetMVCApi_DAL.csproj", "{E42E1871-D60D-4F65-B331-40E5770906A1}"
EndProject
Project("{FAE04EC0-301F-11D3-BF4B-00C04F79EFBC}") = "AspNetMVCApi_BLL", "AspNetMVCApi_BLL\AspNetMVCApi_BLL.csproj", "{1A2F6189-F880-429A-8422-DDBECBD05578}"
EndProject
Global
	GlobalSection(SolutionConfigurationPlatforms) = preSolution
		Debug|Any CPU = Debug|Any CPU
		Release|Any CPU = Release|Any CPU
	EndGlobalSection
	GlobalSection(ProjectConfigurationPlatforms) = postSolution
		{F49D662A-5C2B-46FB-8BF3-C8A443F63CB7}.Debug|Any CPU.ActiveCfg = Debug|Any CPU
		{F49D662A-5C2B-46FB-8BF3-C8A443F63CB7}.Debug|Any CPU.Build.0 = Debug|Any CPU
		{F49D662A-5C2B-46FB-8BF3-C8A443F63CB7}.Release|Any CPU.ActiveCfg = Release|Any CPU
		{F49D662A-5C2B-46FB-8BF3-C8A443F63CB7}.Release|Any CPU.Build.0 = Release|Any CPU
		{00A3D3EF-472B-4E0D-B3DA-1F685311E4AF}.Debug|Any CPU.ActiveCfg = Debug|Any CPU
		{00A3D3EF-472B-4E0D-B3DA-1F685311E4AF}.Debug|Any CPU.Build.0 = Debug|Any CPU
		{00A3D3EF-472B-4E0D-B3DA-1F685311E4AF}.Release|Any CPU.ActiveCfg = Release|Any CPU
		{00A3D3EF-472B-4E0D-B3DA-1F685311E4AF}.Release|Any CPU.Build.0 = Release|Any CPU
		{E42E1871-D60D-4F65-B331-40E5770906A1}.Debug|Any CPU.ActiveCfg = Debug|Any CPU
		{E42E1871-D60D-4F65-B331-40E5770906A1}.Debug|Any CPU.Build.0 = Debug|Any CPU
		{E42E1871-D60D-4F65-B331-40E5770906A1}.Release|Any CPU.ActiveCfg = Release|Any CPU
		{E42E1871-D60D-4F65-B331-40E5770906A1}.Release|Any CPU.Build.0 = Release|Any CPU
		{1A2F6189-F880-429A-8422-DDBECBD05578}.Debug|Any CPU.ActiveCfg = Debug|Any CPU
		{1A2F6189-F880-429A-8422-DDBECBD05578}.Debug|Any CPU.Build.0 = Debug|Any CPU
		{1A2F6189-F880-429A-8422-DDBECBD05578}.Release|Any CPU.ActiveCfg = Release|Any CPU
		{1A2F6189-F880-429A-8422-DDBECBD05578}.Release|Any CPU.Build.0 = Release|Any CPU
	EndGlobalSection
	GlobalSection(SolutionProperties) = preSolution
		HideSolutionNode = FALSE
	EndGlobalSection
	GlobalSection(ExtensibilityGlobals) = postSolution
		SolutionGuid = {B81CFFD8-1C85-4652-93C4-A114418BB0F6}
	EndGlobalSection
EndGlobal
